// !$*UTF8*$!
{
	archiveVersion = 1;
	classes = {
	};
	objectVersion = 50;
	objects = {

/* Begin PBXBuildFile section */
		5CE55511236B834E00F85A9A /* AppDelegate.swift in Sources */ = {isa = PBXBuildFile; fileRef = 5CE55510236B834E00F85A9A /* AppDelegate.swift */; };
		5CE55513236B834E00F85A9A /* SceneDelegate.swift in Sources */ = {isa = PBXBuildFile; fileRef = 5CE55512236B834E00F85A9A /* SceneDelegate.swift */; };
		5CE55515236B834E00F85A9A /* ViewController.swift in Sources */ = {isa = PBXBuildFile; fileRef = 5CE55514236B834E00F85A9A /* ViewController.swift */; };
		5CE55518236B834E00F85A9A /* Main.storyboard in Resources */ = {isa = PBXBuildFile; fileRef = 5CE55516236B834E00F85A9A /* Main.storyboard */; };
		5CE5551B236B834E00F85A9A /* My_Favourite_Places.xcdatamodeld in Sources */ = {isa = PBXBuildFile; fileRef = 5CE55519236B834E00F85A9A /* My_Favourite_Places.xcdatamodeld */; };
		5CE5551D236B835000F85A9A /* Assets.xcassets in Resources */ = {isa = PBXBuildFile; fileRef = 5CE5551C236B835000F85A9A /* Assets.xcassets */; };
		5CE55520236B835000F85A9A /* LaunchScreen.storyboard in Resources */ = {isa = PBXBuildFile; fileRef = 5CE5551E236B835000F85A9A /* LaunchScreen.storyboard */; };
		5CE9674F23708F9A0076C34D /* PlacesViewController.swift in Sources */ = {isa = PBXBuildFile; fileRef = 5CE9674E23708F9A0076C34D /* PlacesViewController.swift */; };
/* End PBXBuildFile section */

/* Begin PBXFileReference section */
		5CE5550D236B834E00F85A9A /* My Favourite Places.app */ = {isa = PBXFileReference; explicitFileType = wrapper.application; includeInIndex = 0; path = "My Favourite Places.app"; sourceTree = BUILT_PRODUCTS_DIR; };
		5CE55510236B834E00F85A9A /* AppDelegate.swift */ = {isa = PBXFileReference; lastKnownFileType = sourcecode.swift; path = AppDelegate.swift; sourceTree = "<group>"; };
		5CE55512236B834E00F85A9A /* SceneDelegate.swift */ = {isa = PBXFileReference; lastKnownFileType = sourcecode.swift; path = SceneDelegate.swift; sourceTree = "<group>"; };
		5CE55514236B834E00F85A9A /* ViewController.swift */ = {isa = PBXFileReference; lastKnownFileType = sourcecode.swift; path = ViewController.swift; sourceTree = "<group>"; };
		5CE55517236B834E00F85A9A /* Base */ = {isa = PBXFileReference; lastKnownFileType = file.storyboard; name = Base; path = Base.lproj/Main.storyboard; sourceTree = "<group>"; };
		5CE5551A236B834E00F85A9A /* My_Favourite_Places.xcdatamodel */ = {isa = PBXFileReference; lastKnownFileType = wrapper.xcdatamodel; path = My_Favourite_Places.xcdatamodel; sourceTree = "<group>"; };
		5CE5551C236B835000F85A9A /* Assets.xcassets */ = {isa = PBXFileReference; lastKnownFileType = folder.assetcatalog; path = Assets.xcassets; sourceTree = "<group>"; };
		5CE5551F236B835000F85A9A /* Base */ = {isa = PBXFileReference; lastKnownFileType = file.storyboard; name = Base; path = Base.lproj/LaunchScreen.storyboard; sourceTree = "<group>"; };
		5CE55521236B835000F85A9A /* Info.plist */ = {isa = PBXFileReference; lastKnownFileType = text.plist.xml; path = Info.plist; sourceTree = "<group>"; };
		5CE9674E23708F9A0076C34D /* PlacesViewController.swift */ = {isa = PBXFileReference; lastKnownFileType = sourcecode.swift; path = PlacesViewController.swift; sourceTree = "<group>"; };
/* End PBXFileReference section */

/* Begin PBXFrameworksBuildPhase section */
		5CE5550A236B834E00F85A9A /* Frameworks */ = {
			isa = PBXFrameworksBuildPhase;
			buildActionMask = 2147483647;
			files = (
			);
			runOnlyForDeploymentPostprocessing = 0;
		};
/* End PBXFrameworksBuildPhase section */

/* Begin PBXGroup section */
		5CE55504236B834E00F85A9A = {
			isa = PBXGroup;
			children = (
				5CE5550F236B834E00F85A9A /* My Favourite Places */,
				5CE5550E236B834E00F85A9A /* Products */,
			);
			sourceTree = "<group>";
		};
		5CE5550E236B834E00F85A9A /* Products */ = {
			isa = PBXGroup;
			children = (
				5CE5550D236B834E00F85A9A /* My Favourite Places.app */,
			);
			name = Products;
			sourceTree = "<group>";
		};
		5CE5550F236B834E00F85A9A /* My Favourite Places */ = {
			isa = PBXGroup;
			children = (
				5CE55510236B834E00F85A9A /* AppDelegate.swift */,
				5CE55512236B834E00F85A9A /* SceneDelegate.swift */,
				5CE55514236B834E00F85A9A /* ViewController.swift */,
				5CE55516236B834E00F85A9A /* Main.storyboard */,
				5CE9674E23708F9A0076C34D /* PlacesViewController.swift */,
				5CE5551C236B835000F85A9A /* Assets.xcassets */,
				5CE5551E236B835000F85A9A /* LaunchScreen.storyboard */,
				5CE55521236B835000F85A9A /* Info.plist */,
				5CE55519236B834E00F85A9A /* My_Favourite_Places.xcdatamodeld */,
			);
			path = "My Favourite Places";
			sourceTree = "<group>";
		};
/* End PBXGroup section */

/* Begin PBXNativeTarget section */
		5CE5550C236B834E00F85A9A /* My Favourite Places */ = {
			isa = PBXNativeTarget;
			buildConfigurationList = 5CE55524236B835000F85A9A /* Build configuration list for PBXNativeTarget "My Favourite Places" */;
			buildPhases = (
				5CE55509236B834E00F85A9A /* Sources */,
				5CE5550A236B834E00F85A9A /* Frameworks */,
				5CE5550B236B834E00F85A9A /* Resources */,
			);
			buildRules = (
			);
			dependencies = (
			);
			name = "My Favourite Places";
			productName = "My Favourite Places";
			productReference = 5CE5550D236B834E00F85A9A /* My Favourite Places.app */;
			productType = "com.apple.product-type.application";
		};
/* End PBXNativeTarget section */

/* Begin PBXProject section */
		5CE55505236B834E00F85A9A /* Project object */ = {
			isa = PBXProject;
			attributes = {
				LastSwiftUpdateCheck = 1110;
				LastUpgradeCheck = 1110;
				ORGANIZATIONNAME = "Iwan Evans";
				TargetAttributes = {
					5CE5550C236B834E00F85A9A = {
						CreatedOnToolsVersion = 11.1;
					};
				};
			};
			buildConfigurationList = 5CE55508236B834E00F85A9A /* Build configuration list for PBXProject "My Favourite Places" */;
			compatibilityVersion = "Xcode 9.3";
			developmentRegion = en;
			hasScannedForEncodings = 0;
			knownRegions = (
				en,
				Base,
			);
			mainGroup = 5CE55504236B834E00F85A9A;
			productRefGroup = 5CE5550E236B834E00F85A9A /* Products */;
			projectDirPath = "";
			projectRoot = "";
			targets = (
				5CE5550C236B834E00F85A9A /* My Favourite Places */,
			);
		};
/* End PBXProject section */

/* Begin PBXResourcesBuildPhase section */
		5CE5550B236B834E00F85A9A /* Resources */ = {
			isa = PBXResourcesBuildPhase;
			buildActionMask = 2147483647;
			files = (
				5CE55520236B835000F85A9A /* LaunchScreen.storyboard in Resources */,
				5CE5551D236B835000F85A9A /* Assets.xcassets in Resources */,
				5CE55518236B834E00F85A9A /* Main.storyboard in Resources */,
			);
			runOnlyForDeploymentPostprocessing = 0;
		};
/* End PBXResourcesBuildPhase section */

/* Begin PBXSourcesBuildPhase section */
		5CE55509236B834E00F85A9A /* Sources */ = {
			isa = PBXSourcesBuildPhase;
			buildActionMask = 2147483647;
			files = (
				5CE55515236B834E00F85A9A /* ViewController.swift in Sources */,
				5CE55511236B834E00F85A9A /* AppDelegate.swift in Sources */,
				5CE9674F23708F9A0076C34D /* PlacesViewController.swift in Sources */,
				5CE5551B236B834E00F85A9A /* My_Favourite_Places.xcdatamodeld in Sources */,
				5CE55513236B834E00F85A9A /* SceneDelegate.swift in Sources */,
			);
			runOnlyForDeploymentPostprocessing = 0;
		};
/* End PBXSourcesBuildPhase section */

/* Begin PBXVariantGroup section */
		5CE55516236B834E00F85A9A /* Main.storyboard */ = {
			isa = PBXVariantGroup;
			children = (
				5CE55517236B834E00F85A9A /* Base */,
			);
			name = Main.storyboard;
			sourceTree = "<group>";
		};
		5CE5551E236B835000F85A9A /* LaunchScreen.storyboard */ = {
			isa = PBXVariantGroup;
			children = (
				5CE5551F236B835000F85A9A /* Base */,
			);
			name = LaunchScreen.storyboard;
			sourceTree = "<group>";
		};
/* End PBXVariantGroup section */

/* Begin XCBuildConfiguration section */
		5CE55522236B835000F85A9A /* Debug */ = {
			isa = XCBuildConfiguration;
			buildSettings = {
				ALWAYS_SEARCH_USER_PATHS = NO;
				CLANG_ANALYZER_NONNULL = YES;
				CLANG_ANALYZER_NUMBER_OBJECT_CONVERSION = YES_AGGRESSIVE;
				CLANG_CXX_LANGUAGE_STANDARD = "gnu++14";
				CLANG_CXX_LIBRARY = "libc++";
				CLANG_ENABLE_MODULES = YES;
				CLANG_ENABLE_OBJC_ARC = YES;
				CLANG_ENABLE_OBJC_WEAK = YES;
				CLANG_WARN_BLOCK_CAPTURE_AUTORELEASING = YES;
				CLANG_WARN_BOOL_CONVERSION = YES;
				CLANG_WARN_COMMA = YES;
				CLANG_WARN_CONSTANT_CONVERSION = YES;
				CLANG_WARN_DEPRECATED_OBJC_IMPLEMENTATIONS = YES;
				CLANG_WARN_DIRECT_OBJC_ISA_USAGE = YES_ERROR;
				CLANG_WARN_DOCUMENTATION_COMMENTS = YES;
				CLANG_WARN_EMPTY_BODY = YES;
				CLANG_WARN_ENUM_CONVERSION = YES;
				CLANG_WARN_INFINITE_RECURSION = YES;
				CLANG_WARN_INT_CONVERSION = YES;
				CLANG_WARN_NON_LITERAL_NULL_CONVERSION = YES;
				CLANG_WARN_OBJC_IMPLICIT_RETAIN_SELF = YES;
				CLANG_WARN_OBJC_LITERAL_CONVERSION = YES;
				CLANG_WARN_OBJC_ROOT_CLASS = YES_ERROR;
				CLANG_WARN_RANGE_LOOP_ANALYSIS = YES;
				CLANG_WARN_STRICT_PROTOTYPES = YES;
				CLANG_WARN_SUSPICIOUS_MOVE = YES;
				CLANG_WARN_UNGUARDED_AVAILABILITY = YES_AGGRESSIVE;
				CLANG_WARN_UNREACHABLE_CODE = YES;
				CLANG_WARN__DUPLICATE_METHOD_MATCH = YES;
				COPY_PHASE_STRIP = NO;
				DEBUG_INFORMATION_FORMAT = dwarf;
				ENABLE_STRICT_OBJC_MSGSEND = YES;
				ENABLE_TESTABILITY = YES;
				GCC_C_LANGUAGE_STANDARD = gnu11;
				GCC_DYNAMIC_NO_PIC = NO;
				GCC_NO_COMMON_BLOCKS = YES;
				GCC_OPTIMIZATION_LEVEL = 0;
				GCC_PREPROCESSOR_DEFINITIONS = (
					"DEBUG=1",
					"$(inherited)",
				);
				GCC_WARN_64_TO_32_BIT_CONVERSION = YES;
				GCC_WARN_ABOUT_RETURN_TYPE = YES_ERROR;
				GCC_WARN_UNDECLARED_SELECTOR = YES;
				GCC_WARN_UNINITIALIZED_AUTOS = YES_AGGRESSIVE;
				GCC_WARN_UNUSED_FUNCTION = YES;
				GCC_WARN_UNUSED_VARIABLE = YES;
				IPHONEOS_DEPLOYMENT_TARGET = 13.1;
				MTL_ENABLE_DEBUG_INFO = INCLUDE_SOURCE;
				MTL_FAST_MATH = YES;
				ONLY_ACTIVE_ARCH = YES;
				SDKROOT = iphoneos;
				SWIFT_ACTIVE_COMPILATION_CONDITIONS = DEBUG;
				SWIFT_OPTIMIZATION_LEVEL = "-Onone";
			};
			name = Debug;
		};
		5CE55523236B835000F85A9A /* Release */ = {
			isa = XCBuildConfiguration;
			buildSettings = {
				ALWAYS_SEARCH_USER_PATHS = NO;
				CLANG_ANALYZER_NONNULL = YES;
				CLANG_ANALYZER_NUMBER_OBJECT_CONVERSION = YES_AGGRESSIVE;
				CLANG_CXX_LANGUAGE_STANDARD = "gnu++14";
				CLANG_CXX_LIBRARY = "libc++";
				CLANG_ENABLE_MODULES = YES;
				CLANG_ENABLE_OBJC_ARC = YES;
				CLANG_ENABLE_OBJC_WEAK = YES;
				CLANG_WARN_BLOCK_CAPTURE_AUTORELEASING = YES;
				CLANG_WARN_BOOL_CONVERSION = YES;
				CLANG_WARN_COMMA = YES;
				CLANG_WARN_CONSTANT_CONVERSION = YES;
				CLANG_WARN_DEPRECATED_OBJC_IMPLEMENTATIONS = YES;
				CLANG_WARN_DIRECT_OBJC_ISA_USAGE = YES_ERROR;
				CLANG_WARN_DOCUMENTATION_COMMENTS = YES;
				CLANG_WARN_EMPTY_BODY = YES;
				CLANG_WARN_ENUM_CONVERSION = YES;
				CLANG_WARN_INFINITE_RECURSION = YES;
				CLANG_WARN_INT_CONVERSION = YES;
				CLANG_WARN_NON_LITERAL_NULL_CONVERSION = YES;
				CLANG_WARN_OBJC_IMPLICIT_RETAIN_SELF = YES;
				CLANG_WARN_OBJC_LITERAL_CONVERSION = YES;
				CLANG_WARN_OBJC_ROOT_CLASS = YES_ERROR;
				CLANG_WARN_RANGE_LOOP_ANALYSIS = YES;
				CLANG_WARN_STRICT_PROTOTYPES = YES;
				CLANG_WARN_SUSPICIOUS_MOVE = YES;
				CLANG_WARN_UNGUARDED_AVAILABILITY = YES_AGGRESSIVE;
				CLANG_WARN_UNREACHABLE_CODE = YES;
				CLANG_WARN__DUPLICATE_METHOD_MATCH = YES;
				COPY_PHASE_STRIP = NO;
				DEBUG_INFORMATION_FORMAT = "dwarf-with-dsym";
				ENABLE_NS_ASSERTIONS = NO;
				ENABLE_STRICT_OBJC_MSGSEND = YES;
				GCC_C_LANGUAGE_STANDARD = gnu11;
				GCC_NO_COMMON_BLOCKS = YES;
				GCC_WARN_64_TO_32_BIT_CONVERSION = YES;
				GCC_WARN_ABOUT_RETURN_TYPE = YES_ERROR;
				GCC_WARN_UNDECLARED_SELECTOR = YES;
				GCC_WARN_UNINITIALIZED_AUTOS = YES_AGGRESSIVE;
				GCC_WARN_UNUSED_FUNCTION = YES;
				GCC_WARN_UNUSED_VARIABLE = YES;
				IPHONEOS_DEPLOYMENT_TARGET = 13.1;
				MTL_ENABLE_DEBUG_INFO = NO;
				MTL_FAST_MATH = YES;
				SDKROOT = iphoneos;
				SWIFT_COMPILATION_MODE = wholemodule;
				SWIFT_OPTIMIZATION_LEVEL = "-O";
				VALIDATE_PRODUCT = YES;
			};
			name = Release;
		};
		5CE55525236B835000F85A9A /* Debug */ = {
			isa = XCBuildConfiguration;
			buildSettings = {
				ASSETCATALOG_COMPILER_APPICON_NAME = AppIcon;
				CODE_SIGN_STYLE = Automatic;
				INFOPLIST_FILE = "My Favourite Places/Info.plist";
				LD_RUNPATH_SEARCH_PATHS = (
					"$(inherited)",
					"@executable_path/Frameworks",
				);
				PRODUCT_BUNDLE_IDENTIFIER = "com.iwanevans.My-Favourite-Places";
				PRODUCT_NAME = "$(TARGET_NAME)";
				SWIFT_VERSION = 5.0;
				TARGETED_DEVICE_FAMILY = "1,2";
			};
			name = Debug;
		};
		5CE55526236B835000F85A9A /* Release */ = {
			isa = XCBuildConfiguration;
			buildSettings = {
				ASSETCATALOG_COMPILER_APPICON_NAME = AppIcon;
				CODE_SIGN_STYLE = Automatic;
				INFOPLIST_FILE = "My Favourite Places/Info.plist";
				LD_RUNPATH_SEARCH_PATHS = (
					"$(inherited)",
					"@executable_path/Frameworks",
				);
				PRODUCT_BUNDLE_IDENTIFIER = "com.iwanevans.My-Favourite-Places";
				PRODUCT_NAME = "$(TARGET_NAME)";
				SWIFT_VERSION = 5.0;
				TARGETED_DEVICE_FAMILY = "1,2";
			};
			name = Release;
		};
/* End XCBuildConfiguration section */

/* Begin XCConfigurationList section */
		5CE55508236B834E00F85A9A /* Build configuration list for PBXProject "My Favourite Places" */ = {
			isa = XCConfigurationList;
			buildConfigurations = (
				5CE55522236B835000F85A9A /* Debug */,
				5CE55523236B835000F85A9A /* Release */,
			);
			defaultConfigurationIsVisible = 0;
			defaultConfigurationName = Release;
		};
		5CE55524236B835000F85A9A /* Build configuration list for PBXNativeTarget "My Favourite Places" */ = {
			isa = XCConfigurationList;
			buildConfigurations = (
				5CE55525236B835000F85A9A /* Debug */,
				5CE55526236B835000F85A9A /* Release */,
			);
			defaultConfigurationIsVisible = 0;
			defaultConfigurationName = Release;
		};
/* End XCConfigurationList section */

/* Begin XCVersionGroup section */
		5CE55519236B834E00F85A9A /* My_Favourite_Places.xcdatamodeld */ = {
			isa = XCVersionGroup;
			children = (
				5CE5551A236B834E00F85A9A /* My_Favourite_Places.xcdatamodel */,
			);
			currentVersion = 5CE5551A236B834E00F85A9A /* My_Favourite_Places.xcdatamodel */;
			path = My_Favourite_Places.xcdatamodeld;
			sourceTree = "<group>";
			versionGroupType = wrapper.xcdatamodel;
		};
/* End XCVersionGroup section */
	};
	rootObject = 5CE55505236B834E00F85A9A /* Project object */;
}
